
Microsoft Visual Studio Solution File, Format Version 12.00
Project("{FAE04EC0-301F-11D3-BF4B-00C04F79EFBC}") = "CppToCsBridge", "CppToCsBridge\CppToCsBridge.csproj", "{731C24B7-2844-4676-B28F-3298FFD67A9F}"
EndProject
Global
	GlobalSection(SolutionConfigurationPlatforms) = preSolution
		Debug|Any CPU = Debug|Any CPU
		Release|Any CPU = Release|Any CPU
	EndGlobalSection
	GlobalSection(ProjectConfigurationPlatforms) = postSolution
		{731C24B7-2844-4676-B28F-3298FFD67A9F}.Debug|Any CPU.ActiveCfg = Debug|Any CPU
		{731C24B7-2844-4676-B28F-3298FFD67A9F}.Debug|Any CPU.Build.0 = Debug|Any CPU
		{731C24B7-2844-4676-B28F-3298FFD67A9F}.Release|Any CPU.ActiveCfg = Release|Any CPU
		{731C24B7-2844-4676-B28F-3298FFD67A9F}.Release|Any CPU.Build.0 = Release|Any CPU
	EndGlobalSection
EndGlobal
